
Microsoft Visual Studio Solution File, Format Version 12.00
# Visual Studio Version 17
VisualStudioVersion = 17.8.34525.116
MinimumVisualStudioVersion = 10.0.40219.1
Project("{FAE04EC0-301F-11D3-BF4B-00C04F79EFBC}") = "Tablica wielowymiarowa", "Tablica wielowymiarowa.csproj", "{69FB14CD-150D-4E0F-ABEF-7A4925C9E1DD}"
EndProject
Global
	GlobalSection(SolutionConfigurationPlatforms) = preSolution
		Debug|Any CPU = Debug|Any CPU
		Release|Any CPU = Release|Any CPU
	EndGlobalSection
	GlobalSection(ProjectConfigurationPlatforms) = postSolution
		{69FB14CD-150D-4E0F-ABEF-7A4925C9E1DD}.Debug|Any CPU.ActiveCfg = Debug|Any CPU
		{69FB14CD-150D-4E0F-ABEF-7A4925C9E1DD}.Debug|Any CPU.Build.0 = Debug|Any CPU
		{69FB14CD-150D-4E0F-ABEF-7A4925C9E1DD}.Release|Any CPU.ActiveCfg = Release|Any CPU
		{69FB14CD-150D-4E0F-ABEF-7A4925C9E1DD}.Release|Any CPU.Build.0 = Release|Any CPU
	EndGlobalSection
	GlobalSection(SolutionProperties) = preSolution
		HideSolutionNode = FALSE
	EndGlobalSection
	GlobalSection(ExtensibilityGlobals) = postSolution
		SolutionGuid = {E75B12D5-A370-406A-AB48-90036469DBC0}
	EndGlobalSection
EndGlobal
